// !$*UTF8*$!
{
	archiveVersion = 1;
	classes = {
	};
	objectVersion = 56;
	objects = {

/* Begin PBXBuildFile section */
		CE437F7A2CBA183C005A06EB /* demoexamApp.swift in Sources */ = {isa = PBXBuildFile; fileRef = CE437F792CBA183C005A06EB /* demoexamApp.swift */; };
		CE437F7C2CBA183C005A06EB /* ContentView.swift in Sources */ = {isa = PBXBuildFile; fileRef = CE437F7B2CBA183C005A06EB /* ContentView.swift */; };
		CE437F7E2CBA183E005A06EB /* Assets.xcassets in Resources */ = {isa = PBXBuildFile; fileRef = CE437F7D2CBA183E005A06EB /* Assets.xcassets */; };
		CE437F812CBA183E005A06EB /* Preview Assets.xcassets in Resources */ = {isa = PBXBuildFile; fileRef = CE437F802CBA183E005A06EB /* Preview Assets.xcassets */; };
		CE437F8B2CBA183E005A06EB /* demoexamTests.swift in Sources */ = {isa = PBXBuildFile; fileRef = CE437F8A2CBA183E005A06EB /* demoexamTests.swift */; };
		CE437F952CBA183E005A06EB /* demoexamUITests.swift in Sources */ = {isa = PBXBuildFile; fileRef = CE437F942CBA183E005A06EB /* demoexamUITests.swift */; };
		CE437F972CBA183E005A06EB /* demoexamUITestsLaunchTests.swift in Sources */ = {isa = PBXBuildFile; fileRef = CE437F962CBA183E005A06EB /* demoexamUITestsLaunchTests.swift */; };
/* End PBXBuildFile section */

/* Begin PBXContainerItemProxy section */
		CE437F872CBA183E005A06EB /* PBXContainerItemProxy */ = {
			isa = PBXContainerItemProxy;
			containerPortal = CE437F6E2CBA183C005A06EB /* Project object */;
			proxyType = 1;
			remoteGlobalIDString = CE437F752CBA183C005A06EB;
			remoteInfo = demoexam;
		};
		CE437F912CBA183E005A06EB /* PBXContainerItemProxy */ = {
			isa = PBXContainerItemProxy;
			containerPortal = CE437F6E2CBA183C005A06EB /* Project object */;
			proxyType = 1;
			remoteGlobalIDString = CE437F752CBA183C005A06EB;
			remoteInfo = demoexam;
		};
/* End PBXContainerItemProxy section */

/* Begin PBXFileReference section */
		CE437F762CBA183C005A06EB /* demoexam.app */ = {isa = PBXFileReference; explicitFileType = wrapper.application; includeInIndex = 0; path = demoexam.app; sourceTree = BUILT_PRODUCTS_DIR; };
		CE437F792CBA183C005A06EB /* demoexamApp.swift */ = {isa = PBXFileReference; lastKnownFileType = sourcecode.swift; path = demoexamApp.swift; sourceTree = "<group>"; };
		CE437F7B2CBA183C005A06EB /* ContentView.swift */ = {isa = PBXFileReference; lastKnownFileType = sourcecode.swift; path = ContentView.swift; sourceTree = "<group>"; };
		CE437F7D2CBA183E005A06EB /* Assets.xcassets */ = {isa = PBXFileReference; lastKnownFileType = folder.assetcatalog; path = Assets.xcassets; sourceTree = "<group>"; };
		CE437F802CBA183E005A06EB /* Preview Assets.xcassets */ = {isa = PBXFileReference; lastKnownFileType = folder.assetcatalog; path = "Preview Assets.xcassets"; sourceTree = "<group>"; };
		CE437F862CBA183E005A06EB /* demoexamTests.xctest */ = {isa = PBXFileReference; explicitFileType = wrapper.cfbundle; includeInIndex = 0; path = demoexamTests.xctest; sourceTree = BUILT_PRODUCTS_DIR; };
		CE437F8A2CBA183E005A06EB /* demoexamTests.swift */ = {isa = PBXFileReference; lastKnownFileType = sourcecode.swift; path = demoexamTests.swift; sourceTree = "<group>"; };
		CE437F902CBA183E005A06EB /* demoexamUITests.xctest */ = {isa = PBXFileReference; explicitFileType = wrapper.cfbundle; includeInIndex = 0; path = demoexamUITests.xctest; sourceTree = BUILT_PRODUCTS_DIR; };
		CE437F942CBA183E005A06EB /* demoexamUITests.swift */ = {isa = PBXFileReference; lastKnownFileType = sourcecode.swift; path = demoexamUITests.swift; sourceTree = "<group>"; };
		CE437F962CBA183E005A06EB /* demoexamUITestsLaunchTests.swift */ = {isa = PBXFileReference; lastKnownFileType = sourcecode.swift; path = demoexamUITestsLaunchTests.swift; sourceTree = "<group>"; };
/* End PBXFileReference section */

/* Begin PBXFrameworksBuildPhase section */
		CE437F732CBA183C005A06EB /* Frameworks */ = {
			isa = PBXFrameworksBuildPhase;
			buildActionMask = 2147483647;
			files = (
			);
			runOnlyForDeploymentPostprocessing = 0;
		};
		CE437F832CBA183E005A06EB /* Frameworks */ = {
			isa = PBXFrameworksBuildPhase;
			buildActionMask = 2147483647;
			files = (
			);
			runOnlyForDeploymentPostprocessing = 0;
		};
		CE437F8D2CBA183E005A06EB /* Frameworks */ = {
			isa = PBXFrameworksBuildPhase;
			buildActionMask = 2147483647;
			files = (
			);
			runOnlyForDeploymentPostprocessing = 0;
		};
/* End PBXFrameworksBuildPhase section */

/* Begin PBXGroup section */
		CE437F6D2CBA183C005A06EB = {
			isa = PBXGroup;
			children = (
				CE437F782CBA183C005A06EB /* demoexam */,
				CE437F892CBA183E005A06EB /* demoexamTests */,
				CE437F932CBA183E005A06EB /* demoexamUITests */,
				CE437F772CBA183C005A06EB /* Products */,
			);
			sourceTree = "<group>";
		};
		CE437F772CBA183C005A06EB /* Products */ = {
			isa = PBXGroup;
			children = (
				CE437F762CBA183C005A06EB /* demoexam.app */,
				CE437F862CBA183E005A06EB /* demoexamTests.xctest */,
				CE437F902CBA183E005A06EB /* demoexamUITests.xctest */,
			);
			name = Products;
			sourceTree = "<group>";
		};
		CE437F782CBA183C005A06EB /* demoexam */ = {
			isa = PBXGroup;
			children = (
				CE437F792CBA183C005A06EB /* demoexamApp.swift */,
				CE437F7B2CBA183C005A06EB /* ContentView.swift */,
				CE437F7D2CBA183E005A06EB /* Assets.xcassets */,
				CE437F7F2CBA183E005A06EB /* Preview Content */,
			);
			path = demoexam;
			sourceTree = "<group>";
		};
		CE437F7F2CBA183E005A06EB /* Preview Content */ = {
			isa = PBXGroup;
			children = (
				CE437F802CBA183E005A06EB /* Preview Assets.xcassets */,
			);
			path = "Preview Content";
			sourceTree = "<group>";
		};
		CE437F892CBA183E005A06EB /* demoexamTests */ = {
			isa = PBXGroup;
			children = (
				CE437F8A2CBA183E005A06EB /* demoexamTests.swift */,
			);
			path = demoexamTests;
			sourceTree = "<group>";
		};
		CE437F932CBA183E005A06EB /* demoexamUITests */ = {
			isa = PBXGroup;
			children = (
				CE437F942CBA183E005A06EB /* demoexamUITests.swift */,
				CE437F962CBA183E005A06EB /* demoexamUITestsLaunchTests.swift */,
			);
			path = demoexamUITests;
			sourceTree = "<group>";
		};
/* End PBXGroup section */

/* Begin PBXNativeTarget section */
		CE437F752CBA183C005A06EB /* demoexam */ = {
			isa = PBXNativeTarget;
			buildConfigurationList = CE437F9A2CBA183E005A06EB /* Build configuration list for PBXNativeTarget "demoexam" */;
			buildPhases = (
				CE437F722CBA183C005A06EB /* Sources */,
				CE437F732CBA183C005A06EB /* Frameworks */,
				CE437F742CBA183C005A06EB /* Resources */,
			);
			buildRules = (
			);
			dependencies = (
			);
			name = demoexam;
			productName = demoexam;
			productReference = CE437F762CBA183C005A06EB /* demoexam.app */;
			productType = "com.apple.product-type.application";
		};
		CE437F852CBA183E005A06EB /* demoexamTests */ = {
			isa = PBXNativeTarget;
			buildConfigurationList = CE437F9D2CBA183E005A06EB /* Build configuration list for PBXNativeTarget "demoexamTests" */;
			buildPhases = (
				CE437F822CBA183E005A06EB /* Sources */,
				CE437F832CBA183E005A06EB /* Frameworks */,
				CE437F842CBA183E005A06EB /* Resources */,
			);
			buildRules = (
			);
			dependencies = (
				CE437F882CBA183E005A06EB /* PBXTargetDependency */,
			);
			name = demoexamTests;
			productName = demoexamTests;
			productReference = CE437F862CBA183E005A06EB /* demoexamTests.xctest */;
			productType = "com.apple.product-type.bundle.unit-test";
		};
		CE437F8F2CBA183E005A06EB /* demoexamUITests */ = {
			isa = PBXNativeTarget;
			buildConfigurationList = CE437FA02CBA183E005A06EB /* Build configuration list for PBXNativeTarget "demoexamUITests" */;
			buildPhases = (
				CE437F8C2CBA183E005A06EB /* Sources */,
				CE437F8D2CBA183E005A06EB /* Frameworks */,
				CE437F8E2CBA183E005A06EB /* Resources */,
			);
			buildRules = (
			);
			dependencies = (
				CE437F922CBA183E005A06EB /* PBXTargetDependency */,
			);
			name = demoexamUITests;
			productName = demoexamUITests;
			productReference = CE437F902CBA183E005A06EB /* demoexamUITests.xctest */;
			productType = "com.apple.product-type.bundle.ui-testing";
		};
/* End PBXNativeTarget section */

/* Begin PBXProject section */
		CE437F6E2CBA183C005A06EB /* Project object */ = {
			isa = PBXProject;
			attributes = {
				BuildIndependentTargetsInParallel = 1;
				LastSwiftUpdateCheck = 1540;
				LastUpgradeCheck = 1540;
				TargetAttributes = {
					CE437F752CBA183C005A06EB = {
						CreatedOnToolsVersion = 15.4;
					};
					CE437F852CBA183E005A06EB = {
						CreatedOnToolsVersion = 15.4;
						TestTargetID = CE437F752CBA183C005A06EB;
					};
					CE437F8F2CBA183E005A06EB = {
						CreatedOnToolsVersion = 15.4;
						TestTargetID = CE437F752CBA183C005A06EB;
					};
				};
			};
			buildConfigurationList = CE437F712CBA183C005A06EB /* Build configuration list for PBXProject "demoexam" */;
			compatibilityVersion = "Xcode 14.0";
			developmentRegion = en;
			hasScannedForEncodings = 0;
			knownRegions = (
				en,
				Base,
			);
			mainGroup = CE437F6D2CBA183C005A06EB;
			productRefGroup = CE437F772CBA183C005A06EB /* Products */;
			projectDirPath = "";
			projectRoot = "";
			targets = (
				CE437F752CBA183C005A06EB /* demoexam */,
				CE437F852CBA183E005A06EB /* demoexamTests */,
				CE437F8F2CBA183E005A06EB /* demoexamUITests */,
			);
		};
/* End PBXProject section */

/* Begin PBXResourcesBuildPhase section */
		CE437F742CBA183C005A06EB /* Resources */ = {
			isa = PBXResourcesBuildPhase;
			buildActionMask = 2147483647;
			files = (
				CE437F812CBA183E005A06EB /* Preview Assets.xcassets in Resources */,
				CE437F7E2CBA183E005A06EB /* Assets.xcassets in Resources */,
			);
			runOnlyForDeploymentPostprocessing = 0;
		};
		CE437F842CBA183E005A06EB /* Resources */ = {
			isa = PBXResourcesBuildPhase;
			buildActionMask = 2147483647;
			files = (
			);
			runOnlyForDeploymentPostprocessing = 0;
		};
		CE437F8E2CBA183E005A06EB /* Resources */ = {
			isa = PBXResourcesBuildPhase;
			buildActionMask = 2147483647;
			files = (
			);
			runOnlyForDeploymentPostprocessing = 0;
		};
/* End PBXResourcesBuildPhase section */

/* Begin PBXSourcesBuildPhase section */
		CE437F722CBA183C005A06EB /* Sources */ = {
			isa = PBXSourcesBuildPhase;
			buildActionMask = 2147483647;
			files = (
				CE437F7C2CBA183C005A06EB /* ContentView.swift in Sources */,
				CE437F7A2CBA183C005A06EB /* demoexamApp.swift in Sources */,
			);
			runOnlyForDeploymentPostprocessing = 0;
		};
		CE437F822CBA183E005A06EB /* Sources */ = {
			isa = PBXSourcesBuildPhase;
			buildActionMask = 2147483647;
			files = (
				CE437F8B2CBA183E005A06EB /* demoexamTests.swift in Sources */,
			);
			runOnlyForDeploymentPostprocessing = 0;
		};
		CE437F8C2CBA183E005A06EB /* Sources */ = {
			isa = PBXSourcesBuildPhase;
			buildActionMask = 2147483647;
			files = (
				CE437F972CBA183E005A06EB /* demoexamUITestsLaunchTests.swift in Sources */,
				CE437F952CBA183E005A06EB /* demoexamUITests.swift in Sources */,
			);
			runOnlyForDeploymentPostprocessing = 0;
		};
/* End PBXSourcesBuildPhase section */

/* Begin PBXTargetDependency section */
		CE437F882CBA183E005A06EB /* PBXTargetDependency */ = {
			isa = PBXTargetDependency;
			target = CE437F752CBA183C005A06EB /* demoexam */;
			targetProxy = CE437F872CBA183E005A06EB /* PBXContainerItemProxy */;
		};
		CE437F922CBA183E005A06EB /* PBXTargetDependency */ = {
			isa = PBXTargetDependency;
			target = CE437F752CBA183C005A06EB /* demoexam */;
			targetProxy = CE437F912CBA183E005A06EB /* PBXContainerItemProxy */;
		};
/* End PBXTargetDependency section */

/* Begin XCBuildConfiguration section */
		CE437F982CBA183E005A06EB /* Debug */ = {
			isa = XCBuildConfiguration;
			buildSettings = {
				ALWAYS_SEARCH_USER_PATHS = NO;
				ASSETCATALOG_COMPILER_GENERATE_SWIFT_ASSET_SYMBOL_EXTENSIONS = YES;
				CLANG_ANALYZER_NONNULL = YES;
				CLANG_ANALYZER_NUMBER_OBJECT_CONVERSION = YES_AGGRESSIVE;
				CLANG_CXX_LANGUAGE_STANDARD = "gnu++20";
				CLANG_ENABLE_MODULES = YES;
				CLANG_ENABLE_OBJC_ARC = YES;
				CLANG_ENABLE_OBJC_WEAK = YES;
				CLANG_WARN_BLOCK_CAPTURE_AUTORELEASING = YES;
				CLANG_WARN_BOOL_CONVERSION = YES;
				CLANG_WARN_COMMA = YES;
				CLANG_WARN_CONSTANT_CONVERSION = YES;
				CLANG_WARN_DEPRECATED_OBJC_IMPLEMENTATIONS = YES;
				CLANG_WARN_DIRECT_OBJC_ISA_USAGE = YES_ERROR;
				CLANG_WARN_DOCUMENTATION_COMMENTS = YES;
				CLANG_WARN_EMPTY_BODY = YES;
				CLANG_WARN_ENUM_CONVERSION = YES;
				CLANG_WARN_INFINITE_RECURSION = YES;
				CLANG_WARN_INT_CONVERSION = YES;
				CLANG_WARN_NON_LITERAL_NULL_CONVERSION = YES;
				CLANG_WARN_OBJC_IMPLICIT_RETAIN_SELF = YES;
				CLANG_WARN_OBJC_LITERAL_CONVERSION = YES;
				CLANG_WARN_OBJC_ROOT_CLASS = YES_ERROR;
				CLANG_WARN_QUOTED_INCLUDE_IN_FRAMEWORK_HEADER = YES;
				CLANG_WARN_RANGE_LOOP_ANALYSIS = YES;
				CLANG_WARN_STRICT_PROTOTYPES = YES;
				CLANG_WARN_SUSPICIOUS_MOVE = YES;
				CLANG_WARN_UNGUARDED_AVAILABILITY = YES_AGGRESSIVE;
				CLANG_WARN_UNREACHABLE_CODE = YES;
				CLANG_WARN__DUPLICATE_METHOD_MATCH = YES;
				COPY_PHASE_STRIP = NO;
				DEBUG_INFORMATION_FORMAT = dwarf;
				ENABLE_STRICT_OBJC_MSGSEND = YES;
				ENABLE_TESTABILITY = YES;
				ENABLE_USER_SCRIPT_SANDBOXING = YES;
				GCC_C_LANGUAGE_STANDARD = gnu17;
				GCC_DYNAMIC_NO_PIC = NO;
				GCC_NO_COMMON_BLOCKS = YES;
				GCC_OPTIMIZATION_LEVEL = 0;
				GCC_PREPROCESSOR_DEFINITIONS = (
					"DEBUG=1",
					"$(inherited)",
				);
				GCC_WARN_64_TO_32_BIT_CONVERSION = YES;
				GCC_WARN_ABOUT_RETURN_TYPE = YES_ERROR;
				GCC_WARN_UNDECLARED_SELECTOR = YES;
				GCC_WARN_UNINITIALIZED_AUTOS = YES_AGGRESSIVE;
				GCC_WARN_UNUSED_FUNCTION = YES;
				GCC_WARN_UNUSED_VARIABLE = YES;
				IPHONEOS_DEPLOYMENT_TARGET = 17.5;
				LOCALIZATION_PREFERS_STRING_CATALOGS = YES;
				MTL_ENABLE_DEBUG_INFO = INCLUDE_SOURCE;
				MTL_FAST_MATH = YES;
				ONLY_ACTIVE_ARCH = YES;
				SDKROOT = iphoneos;
				SWIFT_ACTIVE_COMPILATION_CONDITIONS = "DEBUG $(inherited)";
				SWIFT_OPTIMIZATION_LEVEL = "-Onone";
			};
			name = Debug;
		};
		CE437F992CBA183E005A06EB /* Release */ = {
			isa = XCBuildConfiguration;
			buildSettings = {
				ALWAYS_SEARCH_USER_PATHS = NO;
				ASSETCATALOG_COMPILER_GENERATE_SWIFT_ASSET_SYMBOL_EXTENSIONS = YES;
				CLANG_ANALYZER_NONNULL = YES;
				CLANG_ANALYZER_NUMBER_OBJECT_CONVERSION = YES_AGGRESSIVE;
				CLANG_CXX_LANGUAGE_STANDARD = "gnu++20";
				CLANG_ENABLE_MODULES = YES;
				CLANG_ENABLE_OBJC_ARC = YES;
				CLANG_ENABLE_OBJC_WEAK = YES;
				CLANG_WARN_BLOCK_CAPTURE_AUTORELEASING = YES;
				CLANG_WARN_BOOL_CONVERSION = YES;
				CLANG_WARN_COMMA = YES;
				CLANG_WARN_CONSTANT_CONVERSION = YES;
				CLANG_WARN_DEPRECATED_OBJC_IMPLEMENTATIONS = YES;
				CLANG_WARN_DIRECT_OBJC_ISA_USAGE = YES_ERROR;
				CLANG_WARN_DOCUMENTATION_COMMENTS = YES;
				CLANG_WARN_EMPTY_BODY = YES;
				CLANG_WARN_ENUM_CONVERSION = YES;
				CLANG_WARN_INFINITE_RECURSION = YES;
				CLANG_WARN_INT_CONVERSION = YES;
				CLANG_WARN_NON_LITERAL_NULL_CONVERSION = YES;
				CLANG_WARN_OBJC_IMPLICIT_RETAIN_SELF = YES;
				CLANG_WARN_OBJC_LITERAL_CONVERSION = YES;
				CLANG_WARN_OBJC_ROOT_CLASS = YES_ERROR;
				CLANG_WARN_QUOTED_INCLUDE_IN_FRAMEWORK_HEADER = YES;
				CLANG_WARN_RANGE_LOOP_ANALYSIS = YES;
				CLANG_WARN_STRICT_PROTOTYPES = YES;
				CLANG_WARN_SUSPICIOUS_MOVE = YES;
				CLANG_WARN_UNGUARDED_AVAILABILITY = YES_AGGRESSIVE;
				CLANG_WARN_UNREACHABLE_CODE = YES;
				CLANG_WARN__DUPLICATE_METHOD_MATCH = YES;
				COPY_PHASE_STRIP = NO;
				DEBUG_INFORMATION_FORMAT = "dwarf-with-dsym";
				ENABLE_NS_ASSERTIONS = NO;
				ENABLE_STRICT_OBJC_MSGSEND = YES;
				ENABLE_USER_SCRIPT_SANDBOXING = YES;
				GCC_C_LANGUAGE_STANDARD = gnu17;
				GCC_NO_COMMON_BLOCKS = YES;
				GCC_WARN_64_TO_32_BIT_CONVERSION = YES;
				GCC_WARN_ABOUT_RETURN_TYPE = YES_ERROR;
				GCC_WARN_UNDECLARED_SELECTOR = YES;
				GCC_WARN_UNINITIALIZED_AUTOS = YES_AGGRESSIVE;
				GCC_WARN_UNUSED_FUNCTION = YES;
				GCC_WARN_UNUSED_VARIABLE = YES;
				IPHONEOS_DEPLOYMENT_TARGET = 17.5;
				LOCALIZATION_PREFERS_STRING_CATALOGS = YES;
				MTL_ENABLE_DEBUG_INFO = NO;
				MTL_FAST_MATH = YES;
				SDKROOT = iphoneos;
				SWIFT_COMPILATION_MODE = wholemodule;
				VALIDATE_PRODUCT = YES;
			};
			name = Release;
		};
		CE437F9B2CBA183E005A06EB /* Debug */ = {
			isa = XCBuildConfiguration;
			buildSettings = {
				ASSETCATALOG_COMPILER_APPICON_NAME = AppIcon;
				ASSETCATALOG_COMPILER_GLOBAL_ACCENT_COLOR_NAME = AccentColor;
				CODE_SIGN_STYLE = Automatic;
				CURRENT_PROJECT_VERSION = 1;
				DEVELOPMENT_ASSET_PATHS = "\"demoexam/Preview Content\"";
				ENABLE_PREVIEWS = YES;
				GENERATE_INFOPLIST_FILE = YES;
				INFOPLIST_KEY_UIApplicationSceneManifest_Generation = YES;
				INFOPLIST_KEY_UIApplicationSupportsIndirectInputEvents = YES;
				INFOPLIST_KEY_UILaunchScreen_Generation = YES;
				INFOPLIST_KEY_UISupportedInterfaceOrientations_iPad = "UIInterfaceOrientationPortrait UIInterfaceOrientationPortraitUpsideDown UIInterfaceOrientationLandscapeLeft UIInterfaceOrientationLandscapeRight";
				INFOPLIST_KEY_UISupportedInterfaceOrientations_iPhone = "UIInterfaceOrientationPortrait UIInterfaceOrientationLandscapeLeft UIInterfaceOrientationLandscapeRight";
				LD_RUNPATH_SEARCH_PATHS = (
					"$(inherited)",
					"@executable_path/Frameworks",
				);
				MARKETING_VERSION = 1.0;
				PRODUCT_BUNDLE_IDENTIFIER = testcomp.demoexam;
				PRODUCT_NAME = "$(TARGET_NAME)";
				SWIFT_EMIT_LOC_STRINGS = YES;
				SWIFT_VERSION = 5.0;
				TARGETED_DEVICE_FAMILY = "1,2";
			};
			name = Debug;
		};
		CE437F9C2CBA183E005A06EB /* Release */ = {
			isa = XCBuildConfiguration;
			buildSettings = {
				ASSETCATALOG_COMPILER_APPICON_NAME = AppIcon;
				ASSETCATALOG_COMPILER_GLOBAL_ACCENT_COLOR_NAME = AccentColor;
				CODE_SIGN_STYLE = Automatic;
				CURRENT_PROJECT_VERSION = 1;
				DEVELOPMENT_ASSET_PATHS = "\"demoexam/Preview Content\"";
				ENABLE_PREVIEWS = YES;
				GENERATE_INFOPLIST_FILE = YES;
				INFOPLIST_KEY_UIApplicationSceneManifest_Generation = YES;
				INFOPLIST_KEY_UIApplicationSupportsIndirectInputEvents = YES;
				INFOPLIST_KEY_UILaunchScreen_Generation = YES;
				INFOPLIST_KEY_UISupportedInterfaceOrientations_iPad = "UIInterfaceOrientationPortrait UIInterfaceOrientationPortraitUpsideDown UIInterfaceOrientationLandscapeLeft UIInterfaceOrientationLandscapeRight";
				INFOPLIST_KEY_UISupportedInterfaceOrientations_iPhone = "UIInterfaceOrientationPortrait UIInterfaceOrientationLandscapeLeft UIInterfaceOrientationLandscapeRight";
				LD_RUNPATH_SEARCH_PATHS = (
					"$(inherited)",
					"@executable_path/Frameworks",
				);
				MARKETING_VERSION = 1.0;
				PRODUCT_BUNDLE_IDENTIFIER = testcomp.demoexam;
				PRODUCT_NAME = "$(TARGET_NAME)";
				SWIFT_EMIT_LOC_STRINGS = YES;
				SWIFT_VERSION = 5.0;
				TARGETED_DEVICE_FAMILY = "1,2";
			};
			name = Release;
		};
		CE437F9E2CBA183E005A06EB /* Debug */ = {
			isa = XCBuildConfiguration;
			buildSettings = {
				ALWAYS_EMBED_SWIFT_STANDARD_LIBRARIES = YES;
				BUNDLE_LOADER = "$(TEST_HOST)";
				CODE_SIGN_STYLE = Automatic;
				CURRENT_PROJECT_VERSION = 1;
				GENERATE_INFOPLIST_FILE = YES;
				IPHONEOS_DEPLOYMENT_TARGET = 17.5;
				MARKETING_VERSION = 1.0;
				PRODUCT_BUNDLE_IDENTIFIER = testcomp.demoexamTests;
				PRODUCT_NAME = "$(TARGET_NAME)";
				SWIFT_EMIT_LOC_STRINGS = NO;
				SWIFT_VERSION = 5.0;
				TARGETED_DEVICE_FAMILY = "1,2";
				TEST_HOST = "$(BUILT_PRODUCTS_DIR)/demoexam.app/$(BUNDLE_EXECUTABLE_FOLDER_PATH)/demoexam";
			};
			name = Debug;
		};
		CE437F9F2CBA183E005A06EB /* Release */ = {
			isa = XCBuildConfiguration;
			buildSettings = {
				ALWAYS_EMBED_SWIFT_STANDARD_LIBRARIES = YES;
				BUNDLE_LOADER = "$(TEST_HOST)";
				CODE_SIGN_STYLE = Automatic;
				CURRENT_PROJECT_VERSION = 1;
				GENERATE_INFOPLIST_FILE = YES;
				IPHONEOS_DEPLOYMENT_TARGET = 17.5;
				MARKETING_VERSION = 1.0;
				PRODUCT_BUNDLE_IDENTIFIER = testcomp.demoexamTests;
				PRODUCT_NAME = "$(TARGET_NAME)";
				SWIFT_EMIT_LOC_STRINGS = NO;
				SWIFT_VERSION = 5.0;
				TARGETED_DEVICE_FAMILY = "1,2";
				TEST_HOST = "$(BUILT_PRODUCTS_DIR)/demoexam.app/$(BUNDLE_EXECUTABLE_FOLDER_PATH)/demoexam";
			};
			name = Release;
		};
		CE437FA12CBA183E005A06EB /* Debug */ = {
			isa = XCBuildConfiguration;
			buildSettings = {
				ALWAYS_EMBED_SWIFT_STANDARD_LIBRARIES = YES;
				CODE_SIGN_STYLE = Automatic;
				CURRENT_PROJECT_VERSION = 1;
				GENERATE_INFOPLIST_FILE = YES;
				MARKETING_VERSION = 1.0;
				PRODUCT_BUNDLE_IDENTIFIER = testcomp.demoexamUITests;
				PRODUCT_NAME = "$(TARGET_NAME)";
				SWIFT_EMIT_LOC_STRINGS = NO;
				SWIFT_VERSION = 5.0;
				TARGETED_DEVICE_FAMILY = "1,2";
				TEST_TARGET_NAME = demoexam;
			};
			name = Debug;
		};
		CE437FA22CBA183E005A06EB /* Release */ = {
			isa = XCBuildConfiguration;
			buildSettings = {
				ALWAYS_EMBED_SWIFT_STANDARD_LIBRARIES = YES;
				CODE_SIGN_STYLE = Automatic;
				CURRENT_PROJECT_VERSION = 1;
				GENERATE_INFOPLIST_FILE = YES;
				MARKETING_VERSION = 1.0;
				PRODUCT_BUNDLE_IDENTIFIER = testcomp.demoexamUITests;
				PRODUCT_NAME = "$(TARGET_NAME)";
				SWIFT_EMIT_LOC_STRINGS = NO;
				SWIFT_VERSION = 5.0;
				TARGETED_DEVICE_FAMILY = "1,2";
				TEST_TARGET_NAME = demoexam;
			};
			name = Release;
		};
/* End XCBuildConfiguration section */

/* Begin XCConfigurationList section */
		CE437F712CBA183C005A06EB /* Build configuration list for PBXProject "demoexam" */ = {
			isa = XCConfigurationList;
			buildConfigurations = (
				CE437F982CBA183E005A06EB /* Debug */,
				CE437F992CBA183E005A06EB /* Release */,
			);
			defaultConfigurationIsVisible = 0;
			defaultConfigurationName = Release;
		};
		CE437F9A2CBA183E005A06EB /* Build configuration list for PBXNativeTarget "demoexam" */ = {
			isa = XCConfigurationList;
			buildConfigurations = (
				CE437F9B2CBA183E005A06EB /* Debug */,
				CE437F9C2CBA183E005A06EB /* Release */,
			);
			defaultConfigurationIsVisible = 0;
			defaultConfigurationName = Release;
		};
		CE437F9D2CBA183E005A06EB /* Build configuration list for PBXNativeTarget "demoexamTests" */ = {
			isa = XCConfigurationList;
			buildConfigurations = (
				CE437F9E2CBA183E005A06EB /* Debug */,
				CE437F9F2CBA183E005A06EB /* Release */,
			);
			defaultConfigurationIsVisible = 0;
			defaultConfigurationName = Release;
		};
		CE437FA02CBA183E005A06EB /* Build configuration list for PBXNativeTarget "demoexamUITests" */ = {
			isa = XCConfigurationList;
			buildConfigurations = (
				CE437FA12CBA183E005A06EB /* Debug */,
				CE437FA22CBA183E005A06EB /* Release */,
			);
			defaultConfigurationIsVisible = 0;
			defaultConfigurationName = Release;
		};
/* End XCConfigurationList section */
	};
	rootObject = CE437F6E2CBA183C005A06EB /* Project object */;
}
